
Microsoft Visual Studio Solution File, Format Version 12.00
# Visual Studio 15
Project("{FAE04EC0-301F-11D3-BF4B-00C04F79EFBC}") = "Assembly-CSharp", "Assembly-CSharp.csproj", "{DB5A7283-049A-B853-1771-6E9722801DD1}"
EndProject
Project("{FAE04EC0-301F-11D3-BF4B-00C04F79EFBC}") = "Assembly-CSharp-Editor", "Assembly-CSharp-Editor.csproj", "{C7647FF3-4420-C65C-1021-905381382C54}"
EndProject
Project("{FAE04EC0-301F-11D3-BF4B-00C04F79EFBC}") = "FastScriptReload.Editor", "FastScriptReload.Editor.csproj", "{5297DF37-43DE-89C6-D95E-9857A807E0DA}"
EndProject
Project("{FAE04EC0-301F-11D3-BF4B-00C04F79EFBC}") = "FastScriptReload.Runtime", "FastScriptReload.Runtime.csproj", "{05052C9E-4F3E-C13F-3270-8DA5012ACFFF}"
EndProject
Global
	GlobalSection(SolutionConfigurationPlatforms) = preSolution
		Debug|Any CPU = Debug|Any CPU
		Release|Any CPU = Release|Any CPU
	EndGlobalSection
	GlobalSection(ProjectConfigurationPlatforms) = postSolution
		{DB5A7283-049A-B853-1771-6E9722801DD1}.Debug|Any CPU.ActiveCfg = Debug|Any CPU
		{DB5A7283-049A-B853-1771-6E9722801DD1}.Debug|Any CPU.Build.0 = Debug|Any CPU
		{DB5A7283-049A-B853-1771-6E9722801DD1}.Release|Any CPU.ActiveCfg = Release|Any CPU
		{DB5A7283-049A-B853-1771-6E9722801DD1}.Release|Any CPU.Build.0 = Release|Any CPU
		{C7647FF3-4420-C65C-1021-905381382C54}.Debug|Any CPU.ActiveCfg = Debug|Any CPU
		{C7647FF3-4420-C65C-1021-905381382C54}.Debug|Any CPU.Build.0 = Debug|Any CPU
		{C7647FF3-4420-C65C-1021-905381382C54}.Release|Any CPU.ActiveCfg = Release|Any CPU
		{C7647FF3-4420-C65C-1021-905381382C54}.Release|Any CPU.Build.0 = Release|Any CPU
		{5297DF37-43DE-89C6-D95E-9857A807E0DA}.Debug|Any CPU.ActiveCfg = Debug|Any CPU
		{5297DF37-43DE-89C6-D95E-9857A807E0DA}.Debug|Any CPU.Build.0 = Debug|Any CPU
		{5297DF37-43DE-89C6-D95E-9857A807E0DA}.Release|Any CPU.ActiveCfg = Release|Any CPU
		{5297DF37-43DE-89C6-D95E-9857A807E0DA}.Release|Any CPU.Build.0 = Release|Any CPU
		{05052C9E-4F3E-C13F-3270-8DA5012ACFFF}.Debug|Any CPU.ActiveCfg = Debug|Any CPU
		{05052C9E-4F3E-C13F-3270-8DA5012ACFFF}.Debug|Any CPU.Build.0 = Debug|Any CPU
		{05052C9E-4F3E-C13F-3270-8DA5012ACFFF}.Release|Any CPU.ActiveCfg = Release|Any CPU
		{05052C9E-4F3E-C13F-3270-8DA5012ACFFF}.Release|Any CPU.Build.0 = Release|Any CPU
	EndGlobalSection
	GlobalSection(SolutionProperties) = preSolution
		HideSolutionNode = FALSE
	EndGlobalSection
EndGlobal
